
Microsoft Visual Studio Solution File, Format Version 12.00
# Visual Studio Version 17
VisualStudioVersion = 17.0.31912.275
MinimumVisualStudioVersion = 10.0.40219.1
Project("{9A19103F-16F7-4668-BE54-9A1E7A4F7556}") = "server", "server.csproj", "{DE0184BB-2377-4CB4-8B7E-9DBBDD32A99A}"
EndProject
Project("{FAE04EC0-301F-11D3-BF4B-00C04F79EFBC}") = "tests", "..\tests\tests.csproj", "{181C2003-738C-4320-AFCF-6442F1AA3A11}"
EndProject
Global
	GlobalSection(SolutionConfigurationPlatforms) = preSolution
		Debug|Any CPU = Debug|Any CPU
		Release|Any CPU = Release|Any CPU
	EndGlobalSection
	GlobalSection(ProjectConfigurationPlatforms) = postSolution
		{DE0184BB-2377-4CB4-8B7E-9DBBDD32A99A}.Debug|Any CPU.ActiveCfg = Debug|Any CPU
		{DE0184BB-2377-4CB4-8B7E-9DBBDD32A99A}.Debug|Any CPU.Build.0 = Debug|Any CPU
		{DE0184BB-2377-4CB4-8B7E-9DBBDD32A99A}.Release|Any CPU.ActiveCfg = Release|Any CPU
		{DE0184BB-2377-4CB4-8B7E-9DBBDD32A99A}.Release|Any CPU.Build.0 = Release|Any CPU
		{181C2003-738C-4320-AFCF-6442F1AA3A11}.Debug|Any CPU.ActiveCfg = Debug|Any CPU
		{181C2003-738C-4320-AFCF-6442F1AA3A11}.Debug|Any CPU.Build.0 = Debug|Any CPU
		{181C2003-738C-4320-AFCF-6442F1AA3A11}.Release|Any CPU.ActiveCfg = Release|Any CPU
		{181C2003-738C-4320-AFCF-6442F1AA3A11}.Release|Any CPU.Build.0 = Release|Any CPU
	EndGlobalSection
	GlobalSection(SolutionProperties) = preSolution
		HideSolutionNode = FALSE
	EndGlobalSection
	GlobalSection(ExtensibilityGlobals) = postSolution
		SolutionGuid = {34A81DDC-6156-4FC7-997B-93FC02425B69}
	EndGlobalSection
EndGlobal
